
Microsoft Visual Studio Solution File, Format Version 12.00
# Visual Studio Version 17
VisualStudioVersion = 17.3.32825.248
MinimumVisualStudioVersion = 10.0.40219.1
Project("{FAE04EC0-301F-11D3-BF4B-00C04F79EFBC}") = "PruebaGeurysJLandeta(CRUD)", "PruebaGeurysJLandeta(CRUD)\PruebaGeurysJLandeta(CRUD).csproj", "{BEFDB33A-BE97-42BF-A366-BE2AAF1672B1}"
EndProject
Global
	GlobalSection(SolutionConfigurationPlatforms) = preSolution
		Debug|Any CPU = Debug|Any CPU
		Release|Any CPU = Release|Any CPU
	EndGlobalSection
	GlobalSection(ProjectConfigurationPlatforms) = postSolution
		{BEFDB33A-BE97-42BF-A366-BE2AAF1672B1}.Debug|Any CPU.ActiveCfg = Debug|Any CPU
		{BEFDB33A-BE97-42BF-A366-BE2AAF1672B1}.Debug|Any CPU.Build.0 = Debug|Any CPU
		{BEFDB33A-BE97-42BF-A366-BE2AAF1672B1}.Release|Any CPU.ActiveCfg = Release|Any CPU
		{BEFDB33A-BE97-42BF-A366-BE2AAF1672B1}.Release|Any CPU.Build.0 = Release|Any CPU
	EndGlobalSection
	GlobalSection(SolutionProperties) = preSolution
		HideSolutionNode = FALSE
	EndGlobalSection
	GlobalSection(ExtensibilityGlobals) = postSolution
		SolutionGuid = {5ADCBB50-B0DB-4E2B-A9C2-072B1461FD85}
	EndGlobalSection
EndGlobal
